// !$*UTF8*$!
{
	archiveVersion = 1;
	classes = {
	};
	objectVersion = 77;
	objects = {

/* Begin PBXBuildFile section */
		C5182A792F71BD4A0019DCF3 /* RxCocoa in Frameworks */ = {isa = PBXBuildFile; productRef = C5182A782F71BD4A0019DCF3 /* RxCocoa */; };
		C5182A7B2F71BD4A0019DCF3 /* RxSwift in Frameworks */ = {isa = PBXBuildFile; productRef = C5182A7A2F71BD4A0019DCF3 /* RxSwift */; };
		C5182A7E2F71BD560019DCF3 /* SnapKit in Frameworks */ = {isa = PBXBuildFile; productRef = C5182A7D2F71BD560019DCF3 /* SnapKit */; };
		C5182A812F71BD610019DCF3 /* Alamofire in Frameworks */ = {isa = PBXBuildFile; productRef = C5182A802F71BD610019DCF3 /* Alamofire */; };
		C5182A842F71BE280019DCF3 /* NMapsMap in Frameworks */ = {isa = PBXBuildFile; productRef = C5182A832F71BE280019DCF3 /* NMapsMap */; };
		C51983FF2F8785A800332B9E /* WidgetKit.framework in Frameworks */ = {isa = PBXBuildFile; fileRef = C51983FE2F8785A800332B9E /* WidgetKit.framework */; };
		C51984012F8785A800332B9E /* SwiftUI.framework in Frameworks */ = {isa = PBXBuildFile; fileRef = C51984002F8785A800332B9E /* SwiftUI.framework */; };
		C519840C2F8785A900332B9E /* BasicWidgetExtension.appex in Embed Foundation Extensions */ = {isa = PBXBuildFile; fileRef = C51983FC2F8785A800332B9E /* BasicWidgetExtension.appex */; settings = {ATTRIBUTES = (RemoveHeadersOnCopy, ); }; };
		C5A429B92F74FF8F00C1F7BF /* FSCalendar in Frameworks */ = {isa = PBXBuildFile; productRef = C5A429B82F74FF8F00C1F7BF /* FSCalendar */; };
/* End PBXBuildFile section */

/* Begin PBXContainerItemProxy section */
		C519840A2F8785A900332B9E /* PBXContainerItemProxy */ = {
			isa = PBXContainerItemProxy;
			containerPortal = C51829D62F7127DD0019DCF3 /* Project object */;
			proxyType = 1;
			remoteGlobalIDString = C51983FB2F8785A800332B9E;
			remoteInfo = BasicWidgetExtension;
		};
/* End PBXContainerItemProxy section */

/* Begin PBXCopyFilesBuildPhase section */
		C519840D2F8785A900332B9E /* Embed Foundation Extensions */ = {
			isa = PBXCopyFilesBuildPhase;
			buildActionMask = 2147483647;
			dstPath = "";
			dstSubfolderSpec = 13;
			files = (
				C519840C2F8785A900332B9E /* BasicWidgetExtension.appex in Embed Foundation Extensions */,
			);
			name = "Embed Foundation Extensions";
			runOnlyForDeploymentPostprocessing = 0;
		};
/* End PBXCopyFilesBuildPhase section */

/* Begin PBXFileReference section */
		C51829DE2F7127DD0019DCF3 /* GoTato.app */ = {isa = PBXFileReference; explicitFileType = wrapper.application; includeInIndex = 0; path = GoTato.app; sourceTree = BUILT_PRODUCTS_DIR; };
		C51983FC2F8785A800332B9E /* BasicWidgetExtension.appex */ = {isa = PBXFileReference; explicitFileType = "wrapper.app-extension"; includeInIndex = 0; path = BasicWidgetExtension.appex; sourceTree = BUILT_PRODUCTS_DIR; };
		C51983FE2F8785A800332B9E /* WidgetKit.framework */ = {isa = PBXFileReference; lastKnownFileType = wrapper.framework; name = WidgetKit.framework; path = System/Library/Frameworks/WidgetKit.framework; sourceTree = SDKROOT; };
		C51984002F8785A800332B9E /* SwiftUI.framework */ = {isa = PBXFileReference; lastKnownFileType = wrapper.framework; name = SwiftUI.framework; path = System/Library/Frameworks/SwiftUI.framework; sourceTree = SDKROOT; };
/* End PBXFileReference section */

/* Begin PBXFileSystemSynchronizedBuildFileExceptionSet section */
		C51829F42F7127DF0019DCF3 /* Exceptions for "GoTato" folder in "GoTato" target */ = {
			isa = PBXFileSystemSynchronizedBuildFileExceptionSet;
			membershipExceptions = (
				Resource/Info.plist,
			);
			target = C51829DD2F7127DD0019DCF3 /* GoTato */;
		};
		C51984112F8785A900332B9E /* Exceptions for "BasicWidget" folder in "BasicWidgetExtension" target */ = {
			isa = PBXFileSystemSynchronizedBuildFileExceptionSet;
			membershipExceptions = (
				Info.plist,
			);
			target = C51983FB2F8785A800332B9E /* BasicWidgetExtension */;
		};
/* End PBXFileSystemSynchronizedBuildFileExceptionSet section */

/* Begin PBXFileSystemSynchronizedRootGroup section */
		C51829E02F7127DD0019DCF3 /* GoTato */ = {
			isa = PBXFileSystemSynchronizedRootGroup;
			exceptions = (
				C51829F42F7127DF0019DCF3 /* Exceptions for "GoTato" folder in "GoTato" target */,
			);
			path = GoTato;
			sourceTree = "<group>";
		};
		C51984022F8785A800332B9E /* BasicWidget */ = {
			isa = PBXFileSystemSynchronizedRootGroup;
			exceptions = (
				C51984112F8785A900332B9E /* Exceptions for "BasicWidget" folder in "BasicWidgetExtension" target */,
			);
			path = BasicWidget;
			sourceTree = "<group>";
		};
/* End PBXFileSystemSynchronizedRootGroup section */

/* Begin PBXFrameworksBuildPhase section */
		C51829DB2F7127DD0019DCF3 /* Frameworks */ = {
			isa = PBXFrameworksBuildPhase;
			buildActionMask = 2147483647;
			files = (
				C5182A7E2F71BD560019DCF3 /* SnapKit in Frameworks */,
				C5A429B92F74FF8F00C1F7BF /* FSCalendar in Frameworks */,
				C5182A812F71BD610019DCF3 /* Alamofire in Frameworks */,
				C5182A842F71BE280019DCF3 /* NMapsMap in Frameworks */,
				C5182A7B2F71BD4A0019DCF3 /* RxSwift in Frameworks */,
				C5182A792F71BD4A0019DCF3 /* RxCocoa in Frameworks */,
			);
			runOnlyForDeploymentPostprocessing = 0;
		};
		C51983F92F8785A800332B9E /* Frameworks */ = {
			isa = PBXFrameworksBuildPhase;
			buildActionMask = 2147483647;
			files = (
				C51984012F8785A800332B9E /* SwiftUI.framework in Frameworks */,
				C51983FF2F8785A800332B9E /* WidgetKit.framework in Frameworks */,
			);
			runOnlyForDeploymentPostprocessing = 0;
		};
/* End PBXFrameworksBuildPhase section */

/* Begin PBXGroup section */
		C51829D52F7127DD0019DCF3 = {
			isa = PBXGroup;
			children = (
				C51829E02F7127DD0019DCF3 /* GoTato */,
				C51984022F8785A800332B9E /* BasicWidget */,
				C51983FD2F8785A800332B9E /* Frameworks */,
				C51829DF2F7127DD0019DCF3 /* Products */,
			);
			sourceTree = "<group>";
		};
		C51829DF2F7127DD0019DCF3 /* Products */ = {
			isa = PBXGroup;
			children = (
				C51829DE2F7127DD0019DCF3 /* GoTato.app */,
				C51983FC2F8785A800332B9E /* BasicWidgetExtension.appex */,
			);
			name = Products;
			sourceTree = "<group>";
		};
		C51983FD2F8785A800332B9E /* Frameworks */ = {
			isa = PBXGroup;
			children = (
				C51983FE2F8785A800332B9E /* WidgetKit.framework */,
				C51984002F8785A800332B9E /* SwiftUI.framework */,
			);
			name = Frameworks;
			sourceTree = "<group>";
		};
/* End PBXGroup section */

/* Begin PBXNativeTarget section */
		C51829DD2F7127DD0019DCF3 /* GoTato */ = {
			isa = PBXNativeTarget;
			buildConfigurationList = C51829F52F7127DF0019DCF3 /* Build configuration list for PBXNativeTarget "GoTato" */;
			buildPhases = (
				C51829DA2F7127DD0019DCF3 /* Sources */,
				C51829DB2F7127DD0019DCF3 /* Frameworks */,
				C51829DC2F7127DD0019DCF3 /* Resources */,
				C519840D2F8785A900332B9E /* Embed Foundation Extensions */,
			);
			buildRules = (
			);
			dependencies = (
				C519840B2F8785A900332B9E /* PBXTargetDependency */,
			);
			fileSystemSynchronizedGroups = (
				C51829E02F7127DD0019DCF3 /* GoTato */,
			);
			name = GoTato;
			packageProductDependencies = (
				C5182A782F71BD4A0019DCF3 /* RxCocoa */,
				C5182A7A2F71BD4A0019DCF3 /* RxSwift */,
				C5182A7D2F71BD560019DCF3 /* SnapKit */,
				C5182A802F71BD610019DCF3 /* Alamofire */,
				C5182A832F71BE280019DCF3 /* NMapsMap */,
				C5A429B82F74FF8F00C1F7BF /* FSCalendar */,
			);
			productName = GoTato;
			productReference = C51829DE2F7127DD0019DCF3 /* GoTato.app */;
			productType = "com.apple.product-type.application";
		};
		C51983FB2F8785A800332B9E /* BasicWidgetExtension */ = {
			isa = PBXNativeTarget;
			buildConfigurationList = C51984102F8785A900332B9E /* Build configuration list for PBXNativeTarget "BasicWidgetExtension" */;
			buildPhases = (
				C51983F82F8785A800332B9E /* Sources */,
				C51983F92F8785A800332B9E /* Frameworks */,
				C51983FA2F8785A800332B9E /* Resources */,
			);
			buildRules = (
			);
			dependencies = (
			);
			fileSystemSynchronizedGroups = (
				C51984022F8785A800332B9E /* BasicWidget */,
			);
			name = BasicWidgetExtension;
			packageProductDependencies = (
			);
			productName = BasicWidgetExtension;
			productReference = C51983FC2F8785A800332B9E /* BasicWidgetExtension.appex */;
			productType = "com.apple.product-type.app-extension";
		};
/* End PBXNativeTarget section */

/* Begin PBXProject section */
		C51829D62F7127DD0019DCF3 /* Project object */ = {
			isa = PBXProject;
			attributes = {
				BuildIndependentTargetsInParallel = 1;
				LastSwiftUpdateCheck = 2620;
				LastUpgradeCheck = 2620;
				TargetAttributes = {
					C51829DD2F7127DD0019DCF3 = {
						CreatedOnToolsVersion = 26.2;
					};
					C51983FB2F8785A800332B9E = {
						CreatedOnToolsVersion = 26.2;
					};
				};
			};
			buildConfigurationList = C51829D92F7127DD0019DCF3 /* Build configuration list for PBXProject "GoTato" */;
			developmentRegion = ko;
			hasScannedForEncodings = 0;
			knownRegions = (
				Base,
				ko,
			);
			mainGroup = C51829D52F7127DD0019DCF3;
			minimizedProjectReferenceProxies = 1;
			packageReferences = (
				C5182A772F71BD4A0019DCF3 /* XCRemoteSwiftPackageReference "RxSwift" */,
				C5182A7C2F71BD560019DCF3 /* XCRemoteSwiftPackageReference "SnapKit" */,
				C5182A7F2F71BD610019DCF3 /* XCRemoteSwiftPackageReference "Alamofire" */,
				C5182A822F71BE280019DCF3 /* XCRemoteSwiftPackageReference "SPM-NMapsMap" */,
				C5A429B72F74FF8F00C1F7BF /* XCRemoteSwiftPackageReference "FSCalendar" */,
			);
			preferredProjectObjectVersion = 77;
			productRefGroup = C51829DF2F7127DD0019DCF3 /* Products */;
			projectDirPath = "";
			projectRoot = "";
			targets = (
				C51829DD2F7127DD0019DCF3 /* GoTato */,
				C51983FB2F8785A800332B9E /* BasicWidgetExtension */,
			);
		};
/* End PBXProject section */

/* Begin PBXResourcesBuildPhase section */
		C51829DC2F7127DD0019DCF3 /* Resources */ = {
			isa = PBXResourcesBuildPhase;
			buildActionMask = 2147483647;
			files = (
			);
			runOnlyForDeploymentPostprocessing = 0;
		};
		C51983FA2F8785A800332B9E /* Resources */ = {
			isa = PBXResourcesBuildPhase;
			buildActionMask = 2147483647;
			files = (
			);
			runOnlyForDeploymentPostprocessing = 0;
		};
/* End PBXResourcesBuildPhase section */

/* Begin PBXSourcesBuildPhase section */
		C51829DA2F7127DD0019DCF3 /* Sources */ = {
			isa = PBXSourcesBuildPhase;
			buildActionMask = 2147483647;
			files = (
			);
			runOnlyForDeploymentPostprocessing = 0;
		};
		C51983F82F8785A800332B9E /* Sources */ = {
			isa = PBXSourcesBuildPhase;
			buildActionMask = 2147483647;
			files = (
			);
			runOnlyForDeploymentPostprocessing = 0;
		};
/* End PBXSourcesBuildPhase section */

/* Begin PBXTargetDependency section */
		C519840B2F8785A900332B9E /* PBXTargetDependency */ = {
			isa = PBXTargetDependency;
			target = C51983FB2F8785A800332B9E /* BasicWidgetExtension */;
			targetProxy = C519840A2F8785A900332B9E /* PBXContainerItemProxy */;
		};
/* End PBXTargetDependency section */

/* Begin XCBuildConfiguration section */
		C51829F62F7127DF0019DCF3 /* Debug */ = {
			isa = XCBuildConfiguration;
			buildSettings = {
				ASSETCATALOG_COMPILER_APPICON_NAME = AppIcon;
				ASSETCATALOG_COMPILER_GLOBAL_ACCENT_COLOR_NAME = AccentColor;
				CODE_SIGN_ENTITLEMENTS = GoTato/Data/CoreData/GoTato.entitlements;
				CODE_SIGN_IDENTITY = "Apple Development";
				CODE_SIGN_STYLE = Automatic;
				CURRENT_PROJECT_VERSION = 1;
				DEVELOPMENT_TEAM = ZUGAVD3728;
				GENERATE_INFOPLIST_FILE = YES;
				INFOPLIST_FILE = GoTato/Resource/Info.plist;
				INFOPLIST_KEY_CFBundleDisplayName = "일단감자";
				INFOPLIST_KEY_LSApplicationCategoryType = "public.app-category.productivity";
				INFOPLIST_KEY_NSLocationWhenInUseUsageDescription = "위치 기반 출근 미션을 수행하기 위해 위치 권한을 허용해주세요.";
				INFOPLIST_KEY_UIApplicationSupportsIndirectInputEvents = YES;
				INFOPLIST_KEY_UILaunchStoryboardName = LaunchScreen;
				INFOPLIST_KEY_UIMainStoryboardFile = "";
				INFOPLIST_KEY_UISupportedInterfaceOrientations = UIInterfaceOrientationPortrait;
				INFOPLIST_KEY_UISupportedInterfaceOrientations_iPad = "UIInterfaceOrientationLandscapeLeft UIInterfaceOrientationLandscapeRight UIInterfaceOrientationPortrait UIInterfaceOrientationPortraitUpsideDown";
				INFOPLIST_KEY_UIUserInterfaceStyle = Light;
				IPHONEOS_DEPLOYMENT_TARGET = 18.6;
				LD_RUNPATH_SEARCH_PATHS = (
					"$(inherited)",
					"@executable_path/Frameworks",
				);
				MARKETING_VERSION = 1.2.0;
				PRODUCT_BUNDLE_IDENTIFIER = com.msseock.GoTato;
				PRODUCT_NAME = "$(TARGET_NAME)";
				PROVISIONING_PROFILE_SPECIFIER = "";
				STRING_CATALOG_GENERATE_SYMBOLS = YES;
				SUPPORTED_PLATFORMS = "iphoneos iphonesimulator";
				SUPPORTS_MACCATALYST = NO;
				SUPPORTS_MAC_DESIGNED_FOR_IPHONE_IPAD = NO;
				SUPPORTS_XR_DESIGNED_FOR_IPHONE_IPAD = NO;
				SWIFT_APPROACHABLE_CONCURRENCY = YES;
				SWIFT_DEFAULT_ACTOR_ISOLATION = nonisolated;
				SWIFT_EMIT_LOC_STRINGS = YES;
				SWIFT_UPCOMING_FEATURE_MEMBER_IMPORT_VISIBILITY = YES;
				SWIFT_VERSION = 5.0;
				TARGETED_DEVICE_FAMILY = 1;
			};
			name = Debug;
		};
		C51829F72F7127DF0019DCF3 /* Release */ = {
			isa = XCBuildConfiguration;
			buildSettings = {
				ASSETCATALOG_COMPILER_APPICON_NAME = AppIcon;
				ASSETCATALOG_COMPILER_GLOBAL_ACCENT_COLOR_NAME = AccentColor;
				CODE_SIGN_ENTITLEMENTS = GoTato/Data/CoreData/GoTato.entitlements;
				CODE_SIGN_IDENTITY = "Apple Development";
				CODE_SIGN_STYLE = Automatic;
				CURRENT_PROJECT_VERSION = 1;
				DEVELOPMENT_TEAM = ZUGAVD3728;
				GENERATE_INFOPLIST_FILE = YES;
				INFOPLIST_FILE = GoTato/Resource/Info.plist;
				INFOPLIST_KEY_CFBundleDisplayName = "일단감자";
				INFOPLIST_KEY_LSApplicationCategoryType = "public.app-category.productivity";
				INFOPLIST_KEY_NSLocationWhenInUseUsageDescription = "위치 기반 출근 미션을 수행하기 위해 위치 권한을 허용해주세요.";
				INFOPLIST_KEY_UIApplicationSupportsIndirectInputEvents = YES;
				INFOPLIST_KEY_UILaunchStoryboardName = LaunchScreen;
				INFOPLIST_KEY_UIMainStoryboardFile = "";
				INFOPLIST_KEY_UISupportedInterfaceOrientations = UIInterfaceOrientationPortrait;
				INFOPLIST_KEY_UISupportedInterfaceOrientations_iPad = "UIInterfaceOrientationLandscapeLeft UIInterfaceOrientationLandscapeRight UIInterfaceOrientationPortrait UIInterfaceOrientationPortraitUpsideDown";
				INFOPLIST_KEY_UIUserInterfaceStyle = Light;
				IPHONEOS_DEPLOYMENT_TARGET = 18.6;
				LD_RUNPATH_SEARCH_PATHS = (
					"$(inherited)",
					"@executable_path/Frameworks",
				);
				MARKETING_VERSION = 1.2.0;
				PRODUCT_BUNDLE_IDENTIFIER = com.msseock.GoTato;
				PRODUCT_NAME = "$(TARGET_NAME)";
				PROVISIONING_PROFILE_SPECIFIER = "";
				STRING_CATALOG_GENERATE_SYMBOLS = YES;
				SUPPORTED_PLATFORMS = "iphoneos iphonesimulator";
				SUPPORTS_MACCATALYST = NO;
				SUPPORTS_MAC_DESIGNED_FOR_IPHONE_IPAD = NO;
				SUPPORTS_XR_DESIGNED_FOR_IPHONE_IPAD = NO;
				SWIFT_APPROACHABLE_CONCURRENCY = YES;
				SWIFT_DEFAULT_ACTOR_ISOLATION = nonisolated;
				SWIFT_EMIT_LOC_STRINGS = YES;
				SWIFT_UPCOMING_FEATURE_MEMBER_IMPORT_VISIBILITY = YES;
				SWIFT_VERSION = 5.0;
				TARGETED_DEVICE_FAMILY = 1;
			};
			name = Release;
		};
		C51829F82F7127DF0019DCF3 /* Debug */ = {
			isa = XCBuildConfiguration;
			buildSettings = {
				ALWAYS_SEARCH_USER_PATHS = NO;
				ASSETCATALOG_COMPILER_GENERATE_SWIFT_ASSET_SYMBOL_EXTENSIONS = YES;
				CLANG_ANALYZER_LOCALIZABILITY_NONLOCALIZED = YES;
				CLANG_ANALYZER_NONNULL = YES;
				CLANG_ANALYZER_NUMBER_OBJECT_CONVERSION = YES_AGGRESSIVE;
				CLANG_CXX_LANGUAGE_STANDARD = "gnu++20";
				CLANG_ENABLE_MODULES = YES;
				CLANG_ENABLE_OBJC_ARC = YES;
				CLANG_ENABLE_OBJC_WEAK = YES;
				CLANG_WARN_BLOCK_CAPTURE_AUTORELEASING = YES;
				CLANG_WARN_BOOL_CONVERSION = YES;
				CLANG_WARN_COMMA = YES;
				CLANG_WARN_CONSTANT_CONVERSION = YES;
				CLANG_WARN_DEPRECATED_OBJC_IMPLEMENTATIONS = YES;
				CLANG_WARN_DIRECT_OBJC_ISA_USAGE = YES_ERROR;
				CLANG_WARN_DOCUMENTATION_COMMENTS = YES;
				CLANG_WARN_EMPTY_BODY = YES;
				CLANG_WARN_ENUM_CONVERSION = YES;
				CLANG_WARN_INFINITE_RECURSION = YES;
				CLANG_WARN_INT_CONVERSION = YES;
				CLANG_WARN_NON_LITERAL_NULL_CONVERSION = YES;
				CLANG_WARN_OBJC_IMPLICIT_RETAIN_SELF = YES;
				CLANG_WARN_OBJC_LITERAL_CONVERSION = YES;
				CLANG_WARN_OBJC_ROOT_CLASS = YES_ERROR;
				CLANG_WARN_QUOTED_INCLUDE_IN_FRAMEWORK_HEADER = YES;
				CLANG_WARN_RANGE_LOOP_ANALYSIS = YES;
				CLANG_WARN_STRICT_PROTOTYPES = YES;
				CLANG_WARN_SUSPICIOUS_MOVE = YES;
				CLANG_WARN_UNGUARDED_AVAILABILITY = YES_AGGRESSIVE;
				CLANG_WARN_UNREACHABLE_CODE = YES;
				CLANG_WARN__DUPLICATE_METHOD_MATCH = YES;
				COPY_PHASE_STRIP = NO;
				DEBUG_INFORMATION_FORMAT = dwarf;
				DEVELOPMENT_TEAM = ZUGAVD3728;
				ENABLE_STRICT_OBJC_MSGSEND = YES;
				ENABLE_TESTABILITY = YES;
				ENABLE_USER_SCRIPT_SANDBOXING = YES;
				GCC_C_LANGUAGE_STANDARD = gnu17;
				GCC_DYNAMIC_NO_PIC = NO;
				GCC_NO_COMMON_BLOCKS = YES;
				GCC_OPTIMIZATION_LEVEL = 0;
				GCC_PREPROCESSOR_DEFINITIONS = (
					"DEBUG=1",
					"$(inherited)",
				);
				GCC_WARN_64_TO_32_BIT_CONVERSION = YES;
				GCC_WARN_ABOUT_RETURN_TYPE = YES_ERROR;
				GCC_WARN_UNDECLARED_SELECTOR = YES;
				GCC_WARN_UNINITIALIZED_AUTOS = YES_AGGRESSIVE;
				GCC_WARN_UNUSED_FUNCTION = YES;
				GCC_WARN_UNUSED_VARIABLE = YES;
				IPHONEOS_DEPLOYMENT_TARGET = 26.2;
				LOCALIZATION_PREFERS_STRING_CATALOGS = YES;
				MTL_ENABLE_DEBUG_INFO = INCLUDE_SOURCE;
				MTL_FAST_MATH = YES;
				ONLY_ACTIVE_ARCH = YES;
				SDKROOT = iphoneos;
				SWIFT_ACTIVE_COMPILATION_CONDITIONS = "DEBUG $(inherited)";
				SWIFT_OPTIMIZATION_LEVEL = "-Onone";
			};
			name = Debug;
		};
		C51829F92F7127DF0019DCF3 /* Release */ = {
			isa = XCBuildConfiguration;
			buildSettings = {
				ALWAYS_SEARCH_USER_PATHS = NO;
				ASSETCATALOG_COMPILER_GENERATE_SWIFT_ASSET_SYMBOL_EXTENSIONS = YES;
				CLANG_ANALYZER_LOCALIZABILITY_NONLOCALIZED = YES;
				CLANG_ANALYZER_NONNULL = YES;
				CLANG_ANALYZER_NUMBER_OBJECT_CONVERSION = YES_AGGRESSIVE;
				CLANG_CXX_LANGUAGE_STANDARD = "gnu++20";
				CLANG_ENABLE_MODULES = YES;
				CLANG_ENABLE_OBJC_ARC = YES;
				CLANG_ENABLE_OBJC_WEAK = YES;
				CLANG_WARN_BLOCK_CAPTURE_AUTORELEASING = YES;
				CLANG_WARN_BOOL_CONVERSION = YES;
				CLANG_WARN_COMMA = YES;
				CLANG_WARN_CONSTANT_CONVERSION = YES;
				CLANG_WARN_DEPRECATED_OBJC_IMPLEMENTATIONS = YES;
				CLANG_WARN_DIRECT_OBJC_ISA_USAGE = YES_ERROR;
				CLANG_WARN_DOCUMENTATION_COMMENTS = YES;
				CLANG_WARN_EMPTY_BODY = YES;
				CLANG_WARN_ENUM_CONVERSION = YES;
				CLANG_WARN_INFINITE_RECURSION = YES;
				CLANG_WARN_INT_CONVERSION = YES;
				CLANG_WARN_NON_LITERAL_NULL_CONVERSION = YES;
				CLANG_WARN_OBJC_IMPLICIT_RETAIN_SELF = YES;
				CLANG_WARN_OBJC_LITERAL_CONVERSION = YES;
				CLANG_WARN_OBJC_ROOT_CLASS = YES_ERROR;
				CLANG_WARN_QUOTED_INCLUDE_IN_FRAMEWORK_HEADER = YES;
				CLANG_WARN_RANGE_LOOP_ANALYSIS = YES;
				CLANG_WARN_STRICT_PROTOTYPES = YES;
				CLANG_WARN_SUSPICIOUS_MOVE = YES;
				CLANG_WARN_UNGUARDED_AVAILABILITY = YES_AGGRESSIVE;
				CLANG_WARN_UNREACHABLE_CODE = YES;
				CLANG_WARN__DUPLICATE_METHOD_MATCH = YES;
				COPY_PHASE_STRIP = NO;
				DEBUG_INFORMATION_FORMAT = "dwarf-with-dsym";
				DEVELOPMENT_TEAM = ZUGAVD3728;
				ENABLE_NS_ASSERTIONS = NO;
				ENABLE_STRICT_OBJC_MSGSEND = YES;
				ENABLE_USER_SCRIPT_SANDBOXING = YES;
				GCC_C_LANGUAGE_STANDARD = gnu17;
				GCC_NO_COMMON_BLOCKS = YES;
				GCC_WARN_64_TO_32_BIT_CONVERSION = YES;
				GCC_WARN_ABOUT_RETURN_TYPE = YES_ERROR;
				GCC_WARN_UNDECLARED_SELECTOR = YES;
				GCC_WARN_UNINITIALIZED_AUTOS = YES_AGGRESSIVE;
				GCC_WARN_UNUSED_FUNCTION = YES;
				GCC_WARN_UNUSED_VARIABLE = YES;
				IPHONEOS_DEPLOYMENT_TARGET = 26.2;
				LOCALIZATION_PREFERS_STRING_CATALOGS = YES;
				MTL_ENABLE_DEBUG_INFO = NO;
				MTL_FAST_MATH = YES;
				SDKROOT = iphoneos;
				SWIFT_COMPILATION_MODE = wholemodule;
				VALIDATE_PRODUCT = YES;
			};
			name = Release;
		};
		C519840E2F8785A900332B9E /* Debug */ = {
			isa = XCBuildConfiguration;
			buildSettings = {
				ASSETCATALOG_COMPILER_GLOBAL_ACCENT_COLOR_NAME = AccentColor;
				ASSETCATALOG_COMPILER_WIDGET_BACKGROUND_COLOR_NAME = WidgetBackground;
				CODE_SIGN_STYLE = Automatic;
				CURRENT_PROJECT_VERSION = 1;
				DEVELOPMENT_TEAM = ZUGAVD3728;
				GENERATE_INFOPLIST_FILE = YES;
				INFOPLIST_FILE = BasicWidget/Info.plist;
				INFOPLIST_KEY_CFBundleDisplayName = BasicWidget;
				INFOPLIST_KEY_NSHumanReadableCopyright = "";
				IPHONEOS_DEPLOYMENT_TARGET = 18.6;
				LD_RUNPATH_SEARCH_PATHS = (
					"$(inherited)",
					"@executable_path/Frameworks",
					"@executable_path/../../Frameworks",
				);
				MARKETING_VERSION = 1.0;
				PRODUCT_BUNDLE_IDENTIFIER = com.msseock.GoTato.BasicWidget;
				PRODUCT_NAME = "$(TARGET_NAME)";
				SKIP_INSTALL = YES;
				STRING_CATALOG_GENERATE_SYMBOLS = YES;
				SUPPORTED_PLATFORMS = "iphoneos iphonesimulator";
				SUPPORTS_MACCATALYST = NO;
				SUPPORTS_MAC_DESIGNED_FOR_IPHONE_IPAD = NO;
				SUPPORTS_XR_DESIGNED_FOR_IPHONE_IPAD = NO;
				SWIFT_APPROACHABLE_CONCURRENCY = YES;
				SWIFT_EMIT_LOC_STRINGS = YES;
				SWIFT_UPCOMING_FEATURE_MEMBER_IMPORT_VISIBILITY = YES;
				SWIFT_VERSION = 5.0;
				TARGETED_DEVICE_FAMILY = 1;
			};
			name = Debug;
		};
		C519840F2F8785A900332B9E /* Release */ = {
			isa = XCBuildConfiguration;
			buildSettings = {
				ASSETCATALOG_COMPILER_GLOBAL_ACCENT_COLOR_NAME = AccentColor;
				ASSETCATALOG_COMPILER_WIDGET_BACKGROUND_COLOR_NAME = WidgetBackground;
				CODE_SIGN_STYLE = Automatic;
				CURRENT_PROJECT_VERSION = 1;
				DEVELOPMENT_TEAM = ZUGAVD3728;
				GENERATE_INFOPLIST_FILE = YES;
				INFOPLIST_FILE = BasicWidget/Info.plist;
				INFOPLIST_KEY_CFBundleDisplayName = BasicWidget;
				INFOPLIST_KEY_NSHumanReadableCopyright = "";
				IPHONEOS_DEPLOYMENT_TARGET = 18.6;
				LD_RUNPATH_SEARCH_PATHS = (
					"$(inherited)",
					"@executable_path/Frameworks",
					"@executable_path/../../Frameworks",
				);
				MARKETING_VERSION = 1.0;
				PRODUCT_BUNDLE_IDENTIFIER = com.msseock.GoTato.BasicWidget;
				PRODUCT_NAME = "$(TARGET_NAME)";
				SKIP_INSTALL = YES;
				STRING_CATALOG_GENERATE_SYMBOLS = YES;
				SUPPORTED_PLATFORMS = "iphoneos iphonesimulator";
				SUPPORTS_MACCATALYST = NO;
				SUPPORTS_MAC_DESIGNED_FOR_IPHONE_IPAD = NO;
				SUPPORTS_XR_DESIGNED_FOR_IPHONE_IPAD = NO;
				SWIFT_APPROACHABLE_CONCURRENCY = YES;
				SWIFT_EMIT_LOC_STRINGS = YES;
				SWIFT_UPCOMING_FEATURE_MEMBER_IMPORT_VISIBILITY = YES;
				SWIFT_VERSION = 5.0;
				TARGETED_DEVICE_FAMILY = 1;
			};
			name = Release;
		};
/* End XCBuildConfiguration section */

/* Begin XCConfigurationList section */
		C51829D92F7127DD0019DCF3 /* Build configuration list for PBXProject "GoTato" */ = {
			isa = XCConfigurationList;
			buildConfigurations = (
				C51829F82F7127DF0019DCF3 /* Debug */,
				C51829F92F7127DF0019DCF3 /* Release */,
			);
			defaultConfigurationIsVisible = 0;
			defaultConfigurationName = Release;
		};
		C51829F52F7127DF0019DCF3 /* Build configuration list for PBXNativeTarget "GoTato" */ = {
			isa = XCConfigurationList;
			buildConfigurations = (
				C51829F62F7127DF0019DCF3 /* Debug */,
				C51829F72F7127DF0019DCF3 /* Release */,
			);
			defaultConfigurationIsVisible = 0;
			defaultConfigurationName = Release;
		};
		C51984102F8785A900332B9E /* Build configuration list for PBXNativeTarget "BasicWidgetExtension" */ = {
			isa = XCConfigurationList;
			buildConfigurations = (
				C519840E2F8785A900332B9E /* Debug */,
				C519840F2F8785A900332B9E /* Release */,
			);
			defaultConfigurationIsVisible = 0;
			defaultConfigurationName = Release;
		};
/* End XCConfigurationList section */

/* Begin XCRemoteSwiftPackageReference section */
		C5182A772F71BD4A0019DCF3 /* XCRemoteSwiftPackageReference "RxSwift" */ = {
			isa = XCRemoteSwiftPackageReference;
			repositoryURL = "https://github.com/ReactiveX/RxSwift";
			requirement = {
				kind = upToNextMajorVersion;
				minimumVersion = 6.10.2;
			};
		};
		C5182A7C2F71BD560019DCF3 /* XCRemoteSwiftPackageReference "SnapKit" */ = {
			isa = XCRemoteSwiftPackageReference;
			repositoryURL = "https://github.com/SnapKit/SnapKit.git";
			requirement = {
				kind = upToNextMajorVersion;
				minimumVersion = 5.7.1;
			};
		};
		C5182A7F2F71BD610019DCF3 /* XCRemoteSwiftPackageReference "Alamofire" */ = {
			isa = XCRemoteSwiftPackageReference;
			repositoryURL = "https://github.com/Alamofire/Alamofire.git";
			requirement = {
				kind = upToNextMajorVersion;
				minimumVersion = 5.11.1;
			};
		};
		C5182A822F71BE280019DCF3 /* XCRemoteSwiftPackageReference "SPM-NMapsMap" */ = {
			isa = XCRemoteSwiftPackageReference;
			repositoryURL = "https://github.com/navermaps/SPM-NMapsMap";
			requirement = {
				kind = upToNextMajorVersion;
				minimumVersion = 3.23.1;
			};
		};
		C5A429B72F74FF8F00C1F7BF /* XCRemoteSwiftPackageReference "FSCalendar" */ = {
			isa = XCRemoteSwiftPackageReference;
			repositoryURL = "https://github.com/WenchaoD/FSCalendar.git";
			requirement = {
				kind = upToNextMajorVersion;
				minimumVersion = 2.8.4;
			};
		};
/* End XCRemoteSwiftPackageReference section */

/* Begin XCSwiftPackageProductDependency section */
		C5182A782F71BD4A0019DCF3 /* RxCocoa */ = {
			isa = XCSwiftPackageProductDependency;
			package = C5182A772F71BD4A0019DCF3 /* XCRemoteSwiftPackageReference "RxSwift" */;
			productName = RxCocoa;
		};
		C5182A7A2F71BD4A0019DCF3 /* RxSwift */ = {
			isa = XCSwiftPackageProductDependency;
			package = C5182A772F71BD4A0019DCF3 /* XCRemoteSwiftPackageReference "RxSwift" */;
			productName = RxSwift;
		};
		C5182A7D2F71BD560019DCF3 /* SnapKit */ = {
			isa = XCSwiftPackageProductDependency;
			package = C5182A7C2F71BD560019DCF3 /* XCRemoteSwiftPackageReference "SnapKit" */;
			productName = SnapKit;
		};
		C5182A802F71BD610019DCF3 /* Alamofire */ = {
			isa = XCSwiftPackageProductDependency;
			package = C5182A7F2F71BD610019DCF3 /* XCRemoteSwiftPackageReference "Alamofire" */;
			productName = Alamofire;
		};
		C5182A832F71BE280019DCF3 /* NMapsMap */ = {
			isa = XCSwiftPackageProductDependency;
			package = C5182A822F71BE280019DCF3 /* XCRemoteSwiftPackageReference "SPM-NMapsMap" */;
			productName = NMapsMap;
		};
		C5A429B82F74FF8F00C1F7BF /* FSCalendar */ = {
			isa = XCSwiftPackageProductDependency;
			package = C5A429B72F74FF8F00C1F7BF /* XCRemoteSwiftPackageReference "FSCalendar" */;
			productName = FSCalendar;
		};
/* End XCSwiftPackageProductDependency section */
	};
	rootObject = C51829D62F7127DD0019DCF3 /* Project object */;
}
